{
  "version": 4,
  "terraform_version": "1.9.5",
  "serial": 177,
  "lineage": "8051a335-b60b-b7a1-c43f-e479123ade83",
  "outputs": {
    "host-test": {
      "value": {
        "assigned_idview": null,
        "description": "FreeIPA client in testzone.ipatest.lan domain",
        "id": "host-1.testzone.ipatest.lan",
        "ipasshpubkeys": null,
        "krb_auth_indicators": null,
        "krb_preauth": true,
        "locality": null,
        "location": null,
        "mac_addresses": [
          "00:00:00:AA:AA:AA",
          "00:00:00:BB:BB:CC"
        ],
        "memberof_hbacrule": null,
        "memberof_hostgroup": null,
        "memberof_indirect_hbacrule": null,
        "memberof_indirect_hostgroup": null,
        "memberof_indirect_sudorule": null,
        "memberof_sudorule": [
          "sysadmins"
        ],
        "name": "host-1.testzone.ipatest.lan",
        "operating_system": "Opensuse Leap 15.6",
        "platform": null,
        "trusted_for_delegation": true,
        "trusted_to_auth_as_delegate": false,
        "user_certificates": null,
        "userclass": null
      },
      "type": [
        "object",
        {
          "assigned_idview": "string",
          "description": "string",
          "id": "string",
          "ipasshpubkeys": [
            "list",
            "string"
          ],
          "krb_auth_indicators": [
            "list",
            "string"
          ],
          "krb_preauth": "bool",
          "locality": "string",
          "location": "string",
          "mac_addresses": [
            "list",
            "string"
          ],
          "memberof_hbacrule": [
            "list",
            "string"
          ],
          "memberof_hostgroup": [
            "list",
            "string"
          ],
          "memberof_indirect_hbacrule": [
            "list",
            "string"
          ],
          "memberof_indirect_hostgroup": [
            "list",
            "string"
          ],
          "memberof_indirect_sudorule": [
            "list",
            "string"
          ],
          "memberof_sudorule": [
            "list",
            "string"
          ],
          "name": "string",
          "operating_system": "string",
          "platform": "string",
          "trusted_for_delegation": "bool",
          "trusted_to_auth_as_delegate": "bool",
          "user_certificates": [
            "list",
            "string"
          ],
          "userclass": [
            "list",
            "string"
          ]
        }
      ]
    },
    "sudocmdgroup": {
      "value": {
        "description": "Terminal related sudo commands",
        "id": "terminals",
        "member_sudocmd": [
          "/usr/bin/bash",
          "/usr/bin/fish",
          "/usr/bin/zsh"
        ],
        "name": "terminals"
      },
      "type": [
        "object",
        {
          "description": "string",
          "id": "string",
          "member_sudocmd": [
            "list",
            "string"
          ],
          "name": "string"
        }
      ]
    },
    "sudorule": {
      "value": {
        "commandcategory": null,
        "description": "Sysadmins have all permissions",
        "enabled": true,
        "hostcategory": null,
        "id": "sysadmins",
        "member_allow_sudo_cmd": [
          "/usr/bin/systemctl"
        ],
        "member_allow_sudo_cmdgroup": [
          "terminals"
        ],
        "member_deny_sudo_cmd": [
          "/usr/bin/systemctl"
        ],
        "member_deny_sudo_cmdgroup": [
          "terminals"
        ],
        "member_group": [
          "test-group-pos"
        ],
        "member_host": [
          "host-1.testzone.ipatest.lan"
        ],
        "member_hostgroup": [
          "hostgroup-1"
        ],
        "member_user": [
          "test-user1"
        ],
        "name": "sysadmins",
        "order": null,
        "runasgroup": [
          "test-group-pos",
          "test-group2"
        ],
        "runasgroupcategory": null,
        "runasuser": [
          "test-user0",
          "test-user1"
        ],
        "runasusercategory": null,
        "usercategory": null
      },
      "type": [
        "object",
        {
          "commandcategory": "string",
          "description": "string",
          "enabled": "bool",
          "hostcategory": "string",
          "id": "string",
          "member_allow_sudo_cmd": [
            "list",
            "string"
          ],
          "member_allow_sudo_cmdgroup": [
            "list",
            "string"
          ],
          "member_deny_sudo_cmd": [
            "list",
            "string"
          ],
          "member_deny_sudo_cmdgroup": [
            "list",
            "string"
          ],
          "member_group": [
            "list",
            "string"
          ],
          "member_host": [
            "list",
            "string"
          ],
          "member_hostgroup": [
            "list",
            "string"
          ],
          "member_user": [
            "list",
            "string"
          ],
          "name": "string",
          "order": "number",
          "runasgroup": [
            "list",
            "string"
          ],
          "runasgroupcategory": "string",
          "runasuser": [
            "list",
            "string"
          ],
          "runasusercategory": "string",
          "usercategory": "string"
        }
      ]
    }
  },
  "resources": [
    {
      "mode": "data",
      "type": "freeipa_host",
      "name": "host-1",
      "provider": "provider[\"registry.terraform.io/rework-space-com/freeipa\"]",
      "instances": [
        {
          "schema_version": 0,
          "attributes": {
            "assigned_idview": null,
            "description": "FreeIPA client in testzone.ipatest.lan domain",
            "id": "host-1.testzone.ipatest.lan",
            "ipasshpubkeys": null,
            "krb_auth_indicators": null,
            "krb_preauth": true,
            "locality": null,
            "location": null,
            "mac_addresses": [
              "00:00:00:AA:AA:AA",
              "00:00:00:BB:BB:CC"
            ],
            "memberof_hbacrule": null,
            "memberof_hostgroup": null,
            "memberof_indirect_hbacrule": null,
            "memberof_indirect_hostgroup": null,
            "memberof_indirect_sudorule": null,
            "memberof_sudorule": [
              "sysadmins"
            ],
            "name": "host-1.testzone.ipatest.lan",
            "operating_system": "Opensuse Leap 15.6",
            "platform": null,
            "trusted_for_delegation": true,
            "trusted_to_auth_as_delegate": false,
            "user_certificates": null,
            "userclass": null
          },
          "sensitive_attributes": []
        }
      ]
    },
    {
      "mode": "data",
      "type": "freeipa_sudo_cmdgroup",
      "name": "sudocmdgroup",
      "provider": "provider[\"registry.terraform.io/rework-space-com/freeipa\"]",
      "instances": [
        {
          "schema_version": 0,
          "attributes": {
            "description": "Terminal related sudo commands",
            "id": "terminals",
            "member_sudocmd": [
              "/usr/bin/bash",
              "/usr/bin/fish",
              "/usr/bin/zsh"
            ],
            "name": "terminals"
          },
          "sensitive_attributes": []
        }
      ]
    },
    {
      "mode": "data",
      "type": "freeipa_sudo_rule",
      "name": "sysadmins",
      "provider": "provider[\"registry.terraform.io/rework-space-com/freeipa\"]",
      "instances": [
        {
          "schema_version": 0,
          "attributes": {
            "commandcategory": null,
            "description": "Sysadmins have all permissions",
            "enabled": true,
            "hostcategory": null,
            "id": "sysadmins",
            "member_allow_sudo_cmd": [
              "/usr/bin/systemctl"
            ],
            "member_allow_sudo_cmdgroup": [
              "terminals"
            ],
            "member_deny_sudo_cmd": [
              "/usr/bin/systemctl"
            ],
            "member_deny_sudo_cmdgroup": [
              "terminals"
            ],
            "member_group": [
              "test-group-pos"
            ],
            "member_host": [
              "host-1.testzone.ipatest.lan"
            ],
            "member_hostgroup": [
              "hostgroup-1"
            ],
            "member_user": [
              "test-user1"
            ],
            "name": "sysadmins",
            "order": null,
            "runasgroup": [
              "test-group-pos",
              "test-group2"
            ],
            "runasgroupcategory": null,
            "runasuser": [
              "test-user0",
              "test-user1"
            ],
            "runasusercategory": null,
            "usercategory": null
          },
          "sensitive_attributes": []
        }
      ]
    },
    {
      "mode": "managed",
      "type": "freeipa_dns_record",
      "name": "record-1",
      "provider": "provider[\"registry.terraform.io/rework-space-com/freeipa\"]",
      "instances": [
        {
          "schema_version": 0,
          "attributes": {
            "id": "testzone.ipatest.lan._test-record_A",
            "name": "test-record",
            "records": [
              "10.10.10.10",
              "10.10.10.11"
            ],
            "set_identifier": null,
            "ttl": null,
            "type": "A",
            "zone_name": "testzone.ipatest.lan."
          },
          "sensitive_attributes": [],
          "dependencies": [
            "freeipa_dns_zone.dns_zone-1"
          ]
        }
      ]
    },
    {
      "mode": "managed",
      "type": "freeipa_dns_record",
      "name": "record-2",
      "provider": "provider[\"registry.terraform.io/rework-space-com/freeipa\"]",
      "instances": [
        {
          "schema_version": 0,
          "attributes": {
            "id": "testzone.ipatest.lan._test-record2_CNAME",
            "name": "test-record2",
            "records": [
              "test-record"
            ],
            "set_identifier": null,
            "ttl": null,
            "type": "CNAME",
            "zone_name": "testzone.ipatest.lan."
          },
          "sensitive_attributes": [],
          "dependencies": [
            "freeipa_dns_zone.dns_zone-1"
          ]
        }
      ]
    },
    {
      "mode": "managed",
      "type": "freeipa_dns_zone",
      "name": "dns_zone-1",
      "provider": "provider[\"registry.terraform.io/rework-space-com/freeipa\"]",
      "instances": [
        {
          "schema_version": 0,
          "attributes": {
            "admin_email_address": "admin.testzone.ipatest.lan",
            "allow_inline_dnssec_signing": null,
            "allow_ptr_sync": true,
            "allow_query": null,
            "allow_transfer": null,
            "authoritative_nameserver": null,
            "bind_update_policy": null,
            "computed_zone_name": "testzone.ipatest.lan.",
            "default_ttl": null,
            "disable_zone": false,
            "dynamic_updates": null,
            "id": "testzone.ipatest.lan.",
            "is_reverse_zone": null,
            "nsec3param_record": null,
            "skip_nameserver_check": null,
            "skip_overlap_check": true,
            "soa_expire": null,
            "soa_minimum": null,
            "soa_refresh": null,
            "soa_retry": null,
            "soa_serial_number": null,
            "ttl": null,
            "zone_forwarders": null,
            "zone_name": "testzone.ipatest.lan"
          },
          "sensitive_attributes": []
        }
      ]
    },
    {
      "mode": "managed",
      "type": "freeipa_dns_zone",
      "name": "dns_zone-2",
      "provider": "provider[\"registry.terraform.io/rework-space-com/freeipa\"]",
      "instances": [
        {
          "schema_version": 0,
          "attributes": {
            "admin_email_address": null,
            "allow_inline_dnssec_signing": null,
            "allow_ptr_sync": null,
            "allow_query": null,
            "allow_transfer": null,
            "authoritative_nameserver": null,
            "bind_update_policy": null,
            "computed_zone_name": "10.10.10.in-addr.arpa.",
            "default_ttl": null,
            "disable_zone": false,
            "dynamic_updates": null,
            "id": "10.10.10.in-addr.arpa.",
            "is_reverse_zone": true,
            "nsec3param_record": null,
            "skip_nameserver_check": null,
            "skip_overlap_check": null,
            "soa_expire": null,
            "soa_minimum": null,
            "soa_refresh": null,
            "soa_retry": null,
            "soa_serial_number": null,
            "ttl": null,
            "zone_forwarders": null,
            "zone_name": "10.10.10.0/24"
          },
          "sensitive_attributes": []
        }
      ]
    },
    {
      "mode": "managed",
      "type": "freeipa_group",
      "name": "group-0",
      "provider": "provider[\"registry.terraform.io/rework-space-com/freeipa\"]",
      "instances": [
        {
          "schema_version": 0,
          "attributes": {
            "addattr": null,
            "description": "Test group",
            "external": null,
            "gid_number": null,
            "id": "test-group2",
            "name": "test-group2",
            "nonposix": null,
            "setattr": null
          },
          "sensitive_attributes": []
        }
      ]
    },
    {
      "mode": "managed",
      "type": "freeipa_group",
      "name": "group-external",
      "provider": "provider[\"registry.terraform.io/rework-space-com/freeipa\"]",
      "instances": [
        {
          "schema_version": 0,
          "attributes": {
            "addattr": null,
            "description": "Test group external",
            "external": true,
            "gid_number": null,
            "id": "test-group-ext",
            "name": "test-group-ext",
            "nonposix": null,
            "setattr": null
          },
          "sensitive_attributes": []
        }
      ]
    },
    {
      "mode": "managed",
      "type": "freeipa_group",
      "name": "group-nonposix",
      "provider": "provider[\"registry.terraform.io/rework-space-com/freeipa\"]",
      "instances": [
        {
          "schema_version": 0,
          "attributes": {
            "addattr": null,
            "description": "Test group non posix",
            "external": null,
            "gid_number": null,
            "id": "test-group-nonpos",
            "name": "test-group-nonpos",
            "nonposix": true,
            "setattr": null
          },
          "sensitive_attributes": []
        }
      ]
    },
    {
      "mode": "managed",
      "type": "freeipa_group",
      "name": "group-posix",
      "provider": "provider[\"registry.terraform.io/rework-space-com/freeipa\"]",
      "instances": [
        {
          "schema_version": 0,
          "attributes": {
            "addattr": null,
            "description": "Test group posix",
            "external": null,
            "gid_number": 12345789,
            "id": "test-group-pos",
            "name": "test-group-pos",
            "nonposix": null,
            "setattr": null
          },
          "sensitive_attributes": []
        }
      ]
    },
    {
      "mode": "managed",
      "type": "freeipa_host",
      "name": "host-1",
      "provider": "provider[\"registry.terraform.io/rework-space-com/freeipa\"]",
      "instances": [
        {
          "schema_version": 0,
          "attributes": {
            "assigned_idview": null,
            "description": "FreeIPA client in testzone.ipatest.lan domain",
            "force": null,
            "generated_password": "",
            "id": "host-1.testzone.ipatest.lan",
            "ip_address": "192.168.1.65",
            "ipasshpubkeys": null,
            "krb_auth_indicators": null,
            "krb_preauth": null,
            "locality": null,
            "location": null,
            "mac_addresses": [
              "00:00:00:AA:AA:AA",
              "00:00:00:BB:BB:CC"
            ],
            "name": "host-1.testzone.ipatest.lan",
            "operating_system": "Opensuse Leap 15.6",
            "platform": null,
            "random_password": null,
            "trusted_for_delegation": true,
            "trusted_to_auth_as_delegate": null,
            "user_certificates": null,
            "userclass": null,
            "userpassword": null
          },
          "sensitive_attributes": [],
          "dependencies": [
            "freeipa_dns_zone.dns_zone-1"
          ]
        }
      ]
    },
    {
      "mode": "managed",
      "type": "freeipa_hostgroup",
      "name": "hostgroup-1",
      "provider": "provider[\"registry.terraform.io/rework-space-com/freeipa\"]",
      "instances": [
        {
          "schema_version": 0,
          "attributes": {
            "description": "FreeIPA hostgroup",
            "id": "hostgroup-1",
            "name": "hostgroup-1"
          },
          "sensitive_attributes": []
        }
      ]
    },
    {
      "mode": "managed",
      "type": "freeipa_sudo_cmd",
      "name": "sudocmd-1",
      "provider": "provider[\"registry.terraform.io/rework-space-com/freeipa\"]",
      "instances": [
        {
          "schema_version": 0,
          "attributes": {
            "description": null,
            "id": "/usr/bin/bash",
            "name": "/usr/bin/bash"
          },
          "sensitive_attributes": []
        }
      ]
    },
    {
      "mode": "managed",
      "type": "freeipa_sudo_cmd",
      "name": "sudocmd-2",
      "provider": "provider[\"registry.terraform.io/rework-space-com/freeipa\"]",
      "instances": [
        {
          "schema_version": 0,
          "attributes": {
            "description": null,
            "id": "/usr/bin/fish",
            "name": "/usr/bin/fish"
          },
          "sensitive_attributes": []
        }
      ]
    },
    {
      "mode": "managed",
      "type": "freeipa_sudo_cmd",
      "name": "sudocmd-3",
      "provider": "provider[\"registry.terraform.io/rework-space-com/freeipa\"]",
      "instances": [
        {
          "schema_version": 0,
          "attributes": {
            "description": null,
            "id": "/usr/bin/zsh",
            "name": "/usr/bin/zsh"
          },
          "sensitive_attributes": []
        }
      ]
    },
    {
      "mode": "managed",
      "type": "freeipa_sudo_cmd",
      "name": "sudocmd-4",
      "provider": "provider[\"registry.terraform.io/rework-space-com/freeipa\"]",
      "instances": [
        {
          "schema_version": 0,
          "attributes": {
            "description": null,
            "id": "/usr/bin/systemctl",
            "name": "/usr/bin/systemctl"
          },
          "sensitive_attributes": []
        }
      ]
    },
    {
      "mode": "managed",
      "type": "freeipa_sudo_cmdgroup",
      "name": "services",
      "provider": "provider[\"registry.terraform.io/rework-space-com/freeipa\"]",
      "instances": [
        {
          "schema_version": 0,
          "attributes": {
            "description": "Service management related sudo commands",
            "id": "services",
            "name": "services"
          },
          "sensitive_attributes": []
        }
      ]
    },
    {
      "mode": "managed",
      "type": "freeipa_sudo_cmdgroup",
      "name": "terminals",
      "provider": "provider[\"registry.terraform.io/rework-space-com/freeipa\"]",
      "instances": [
        {
          "schema_version": 0,
          "attributes": {
            "description": "Terminal related sudo commands",
            "id": "terminals",
            "name": "terminals"
          },
          "sensitive_attributes": []
        }
      ]
    },
    {
      "mode": "managed",
      "type": "freeipa_sudo_cmdgroup_membership",
      "name": "services",
      "provider": "provider[\"registry.terraform.io/rework-space-com/freeipa\"]",
      "instances": [
        {
          "schema_version": 0,
          "attributes": {
            "id": "services/msc/services",
            "identifier": "services",
            "name": "services",
            "sudocmd": null,
            "sudocmds": [
              "/usr/bin/systemctl"
            ]
          },
          "sensitive_attributes": [],
          "dependencies": [
            "freeipa_sudo_cmd.sudocmd-4",
            "freeipa_sudo_cmdgroup.services"
          ]
        }
      ]
    },
    {
      "mode": "managed",
      "type": "freeipa_sudo_cmdgroup_membership",
      "name": "terminals",
      "provider": "provider[\"registry.terraform.io/rework-space-com/freeipa\"]",
      "instances": [
        {
          "schema_version": 0,
          "attributes": {
            "id": "terminals/msc/terminals",
            "identifier": "terminals",
            "name": "terminals",
            "sudocmd": null,
            "sudocmds": [
              "/usr/bin/bash",
              "/usr/bin/fish",
              "/usr/bin/zsh"
            ]
          },
          "sensitive_attributes": [],
          "dependencies": [
            "freeipa_sudo_cmd.sudocmd-1",
            "freeipa_sudo_cmd.sudocmd-2",
            "freeipa_sudo_cmd.sudocmd-3",
            "freeipa_sudo_cmdgroup.terminals"
          ]
        }
      ]
    },
    {
      "mode": "managed",
      "type": "freeipa_sudo_rule",
      "name": "limited-admins",
      "provider": "provider[\"registry.terraform.io/rework-space-com/freeipa\"]",
      "instances": [
        {
          "schema_version": 0,
          "attributes": {
            "commandcategory": null,
            "description": "Limited admins have some permissions",
            "enabled": true,
            "hostcategory": null,
            "id": "limited-admins",
            "name": "limited-admins",
            "order": null,
            "runasgroupcategory": null,
            "runasusercategory": null,
            "usercategory": null
          },
          "sensitive_attributes": []
        }
      ]
    },
    {
      "mode": "managed",
      "type": "freeipa_sudo_rule",
      "name": "sysadmins",
      "provider": "provider[\"registry.terraform.io/rework-space-com/freeipa\"]",
      "instances": [
        {
          "schema_version": 0,
          "attributes": {
            "commandcategory": null,
            "description": "Sysadmins have all permissions",
            "enabled": true,
            "hostcategory": null,
            "id": "sysadmins",
            "name": "sysadmins",
            "order": null,
            "runasgroupcategory": null,
            "runasusercategory": null,
            "usercategory": null
          },
          "sensitive_attributes": []
        }
      ]
    },
    {
      "mode": "managed",
      "type": "freeipa_sudo_rule_allowcmd_membership",
      "name": "sysadmins-cmds",
      "provider": "provider[\"registry.terraform.io/rework-space-com/freeipa\"]",
      "instances": [
        {
          "schema_version": 0,
          "attributes": {
            "id": "sysadmins/msrac/sysadmins-cmds",
            "identifier": "sysadmins-cmds",
            "name": "sysadmins",
            "sudocmd": null,
            "sudocmd_group": null,
            "sudocmd_groups": [
              "terminals"
            ],
            "sudocmds": [
              "/usr/bin/systemctl"
            ]
          },
          "sensitive_attributes": [],
          "dependencies": [
            "freeipa_sudo_cmd.sudocmd-4",
            "freeipa_sudo_cmdgroup.terminals",
            "freeipa_sudo_rule.sysadmins"
          ]
        }
      ]
    },
    {
      "mode": "managed",
      "type": "freeipa_sudo_rule_denycmd_membership",
      "name": "sysadmins-cmds",
      "provider": "provider[\"registry.terraform.io/rework-space-com/freeipa\"]",
      "instances": [
        {
          "schema_version": 0,
          "attributes": {
            "id": "sysadmins/msrdc/sysadmins-cmds",
            "identifier": "sysadmins-cmds",
            "name": "sysadmins",
            "sudocmd": null,
            "sudocmd_group": null,
            "sudocmd_groups": [
              "terminals"
            ],
            "sudocmds": [
              "/usr/bin/systemctl"
            ]
          },
          "sensitive_attributes": [],
          "dependencies": [
            "freeipa_sudo_cmd.sudocmd-4",
            "freeipa_sudo_cmdgroup.terminals",
            "freeipa_sudo_rule.sysadmins"
          ]
        }
      ]
    },
    {
      "mode": "managed",
      "type": "freeipa_sudo_rule_host_membership",
      "name": "hostgroups-3",
      "provider": "provider[\"registry.terraform.io/rework-space-com/freeipa\"]",
      "instances": [
        {
          "schema_version": 0,
          "attributes": {
            "host": null,
            "hostgroup": null,
            "hostgroups": [
              "hostgroup-1"
            ],
            "hosts": null,
            "id": "sysadmins/msrh/hostgroups-3",
            "identifier": "hostgroups-3",
            "name": "sysadmins"
          },
          "sensitive_attributes": [],
          "dependencies": [
            "freeipa_hostgroup.hostgroup-1",
            "freeipa_sudo_rule.sysadmins"
          ]
        }
      ]
    },
    {
      "mode": "managed",
      "type": "freeipa_sudo_rule_host_membership",
      "name": "hosts-0",
      "provider": "provider[\"registry.terraform.io/rework-space-com/freeipa\"]",
      "instances": [
        {
          "schema_version": 0,
          "attributes": {
            "host": null,
            "hostgroup": null,
            "hostgroups": null,
            "hosts": [
              "host-1.testzone.ipatest.lan"
            ],
            "id": "sysadmins/msrh/hosts-0",
            "identifier": "hosts-0",
            "name": "sysadmins"
          },
          "sensitive_attributes": [],
          "dependencies": [
            "freeipa_dns_zone.dns_zone-1",
            "freeipa_host.host-1",
            "freeipa_sudo_rule.sysadmins"
          ]
        }
      ]
    },
    {
      "mode": "managed",
      "type": "freeipa_sudo_rule_runasgroup_membership",
      "name": "groups-0",
      "provider": "provider[\"registry.terraform.io/rework-space-com/freeipa\"]",
      "instances": [
        {
          "schema_version": 0,
          "attributes": {
            "id": "sysadmins/msrraug/groups-0",
            "identifier": "groups-0",
            "name": "sysadmins",
            "runasgroup": null,
            "runasgroups": [
              "test-group-pos",
              "test-group2"
            ]
          },
          "sensitive_attributes": [],
          "dependencies": [
            "freeipa_group.group-0",
            "freeipa_group.group-posix",
            "freeipa_sudo_rule.sysadmins"
          ]
        }
      ]
    },
    {
      "mode": "managed",
      "type": "freeipa_sudo_rule_runasuser_membership",
      "name": "users-0",
      "provider": "provider[\"registry.terraform.io/rework-space-com/freeipa\"]",
      "instances": [
        {
          "schema_version": 0,
          "attributes": {
            "id": "sysadmins/msrrau/users-0",
            "identifier": "users-0",
            "name": "sysadmins",
            "runasuser": null,
            "runasusers": [
              "test-user0",
              "test-user1"
            ]
          },
          "sensitive_attributes": [],
          "dependencies": [
            "freeipa_sudo_rule.sysadmins",
            "freeipa_user.user-0",
            "freeipa_user.user-1"
          ]
        }
      ]
    },
    {
      "mode": "managed",
      "type": "freeipa_sudo_rule_user_membership",
      "name": "users-0",
      "provider": "provider[\"registry.terraform.io/rework-space-com/freeipa\"]",
      "instances": [
        {
          "schema_version": 0,
          "attributes": {
            "group": null,
            "groups": [
              "test-group-pos"
            ],
            "id": "sysadmins/msru/users-0",
            "identifier": "users-0",
            "name": "sysadmins",
            "user": null,
            "users": [
              "test-user1"
            ]
          },
          "sensitive_attributes": [],
          "dependencies": [
            "freeipa_group.group-posix",
            "freeipa_sudo_rule.sysadmins",
            "freeipa_user.user-1"
          ]
        }
      ]
    },
    {
      "mode": "managed",
      "type": "freeipa_user",
      "name": "user-0",
      "provider": "provider[\"registry.terraform.io/rework-space-com/freeipa\"]",
      "instances": [
        {
          "schema_version": 0,
          "attributes": {
            "account_disabled": null,
            "car_license": null,
            "city": "Brussels",
            "display_name": null,
            "email_address": null,
            "employee_number": null,
            "employee_type": null,
            "first_name": "Test",
            "full_name": null,
            "gecos": null,
            "gid_number": null,
            "home_directory": "/opt/users/test-user0",
            "id": "test-user0",
            "initials": null,
            "job_title": null,
            "krb_password_expiration": null,
            "krb_principal_expiration": null,
            "krb_principal_name": null,
            "last_name": "User",
            "login_shell": "/bin/bash",
            "manager": null,
            "mobile_numbers": null,
            "name": "test-user0",
            "organisation_unit": null,
            "postal_code": null,
            "preferred_language": null,
            "province": null,
            "random_password": null,
            "ssh_public_key": null,
            "street_address": null,
            "telephone_numbers": null,
            "uid_number": null,
            "userclass": null,
            "userpassword": null
          },
          "sensitive_attributes": [
            [
              {
                "type": "get_attr",
                "value": "userpassword"
              }
            ]
          ]
        }
      ]
    },
    {
      "mode": "managed",
      "type": "freeipa_user",
      "name": "user-1",
      "provider": "provider[\"registry.terraform.io/rework-space-com/freeipa\"]",
      "instances": [
        {
          "schema_version": 0,
          "attributes": {
            "account_disabled": false,
            "car_license": null,
            "city": "Brussels",
            "display_name": null,
            "email_address": null,
            "employee_number": null,
            "employee_type": "Patsy",
            "first_name": "Test",
            "full_name": null,
            "gecos": null,
            "gid_number": null,
            "home_directory": "/opt/users/test-user-1",
            "id": "test-user1",
            "initials": null,
            "job_title": null,
            "krb_password_expiration": null,
            "krb_principal_expiration": null,
            "krb_principal_name": null,
            "last_name": "User",
            "login_shell": "/bin/bash",
            "manager": null,
            "mobile_numbers": null,
            "name": "test-user1",
            "organisation_unit": null,
            "postal_code": null,
            "preferred_language": null,
            "province": null,
            "random_password": null,
            "ssh_public_key": null,
            "street_address": null,
            "telephone_numbers": null,
            "uid_number": null,
            "userclass": null,
            "userpassword": null
          },
          "sensitive_attributes": [
            [
              {
                "type": "get_attr",
                "value": "userpassword"
              }
            ]
          ]
        }
      ]
    },
    {
      "mode": "managed",
      "type": "freeipa_user_group_membership",
      "name": "member-1",
      "provider": "provider[\"registry.terraform.io/rework-space-com/freeipa\"]",
      "instances": [
        {
          "schema_version": 0,
          "attributes": {
            "external_member": null,
            "external_members": null,
            "group": null,
            "groups": [
              "test-group-nonpos",
              "test-group-ext"
            ],
            "id": "test-group-pos/m/posix-members",
            "identifier": "posix-members",
            "name": "test-group-pos",
            "user": null,
            "users": null
          },
          "sensitive_attributes": [],
          "dependencies": [
            "freeipa_group.group-external",
            "freeipa_group.group-nonposix",
            "freeipa_group.group-posix"
          ]
        }
      ]
    }
  ],
  "check_results": null
}
