{
  "version": 4,
  "terraform_version": "1.9.6",
  "serial": 822,
  "lineage": "d46add48-4322-aa04-7f97-e3e13035a522",
  "outputs": {
    "host-test": {
      "value": {
        "assigned_idview": null,
        "description": "FreeIPA client in testzone.ipatest.lan domain",
        "id": "host-1.testzone.ipatest.lan",
        "ipasshpubkeys": null,
        "krb_auth_indicators": null,
        "krb_preauth": true,
        "locality": "Brussels",
        "location": "Head Quarters",
        "mac_addresses": [
          "00:00:00:AA:AA:AA",
          "00:00:00:BB:BB:CC"
        ],
        "memberof_hbacrule": null,
        "memberof_hostgroup": [
          "testhostgroup"
        ],
        "memberof_indirect_hbacrule": null,
        "memberof_indirect_hostgroup": null,
        "memberof_indirect_sudorule": null,
        "memberof_sudorule": null,
        "name": "host-1.testzone.ipatest.lan",
        "operating_system": "Opensuse Leap 15.6",
        "platform": "Fedora 40",
        "trusted_for_delegation": true,
        "trusted_to_auth_as_delegate": true,
        "user_certificates": null,
        "userclass": [
          "normal-host"
        ]
      },
      "type": [
        "object",
        {
          "assigned_idview": "string",
          "description": "string",
          "id": "string",
          "ipasshpubkeys": [
            "list",
            "string"
          ],
          "krb_auth_indicators": [
            "list",
            "string"
          ],
          "krb_preauth": "bool",
          "locality": "string",
          "location": "string",
          "mac_addresses": [
            "list",
            "string"
          ],
          "memberof_hbacrule": [
            "list",
            "string"
          ],
          "memberof_hostgroup": [
            "list",
            "string"
          ],
          "memberof_indirect_hbacrule": [
            "list",
            "string"
          ],
          "memberof_indirect_hostgroup": [
            "list",
            "string"
          ],
          "memberof_indirect_sudorule": [
            "list",
            "string"
          ],
          "memberof_sudorule": [
            "list",
            "string"
          ],
          "name": "string",
          "operating_system": "string",
          "platform": "string",
          "trusted_for_delegation": "bool",
          "trusted_to_auth_as_delegate": "bool",
          "user_certificates": [
            "list",
            "string"
          ],
          "userclass": [
            "list",
            "string"
          ]
        }
      ]
    }
  },
  "resources": [
    {
      "mode": "data",
      "type": "freeipa_host",
      "name": "host-1",
      "provider": "provider[\"registry.terraform.io/rework-space-com/freeipa\"]",
      "instances": [
        {
          "schema_version": 0,
          "attributes": {
            "assigned_idview": null,
            "description": "FreeIPA client in testzone.ipatest.lan domain",
            "id": "host-1.testzone.ipatest.lan",
            "ipasshpubkeys": null,
            "krb_auth_indicators": null,
            "krb_preauth": true,
            "locality": "Brussels",
            "location": "Head Quarters",
            "mac_addresses": [
              "00:00:00:AA:AA:AA",
              "00:00:00:BB:BB:CC"
            ],
            "memberof_hbacrule": null,
            "memberof_hostgroup": [
              "testhostgroup"
            ],
            "memberof_indirect_hbacrule": null,
            "memberof_indirect_hostgroup": null,
            "memberof_indirect_sudorule": null,
            "memberof_sudorule": null,
            "name": "host-1.testzone.ipatest.lan",
            "operating_system": "Opensuse Leap 15.6",
            "platform": "Fedora 40",
            "trusted_for_delegation": true,
            "trusted_to_auth_as_delegate": true,
            "user_certificates": null,
            "userclass": [
              "normal-host"
            ]
          },
          "sensitive_attributes": []
        }
      ]
    },
    {
      "mode": "managed",
      "type": "freeipa_dns_record",
      "name": "record-1",
      "provider": "provider[\"registry.terraform.io/rework-space-com/freeipa\"]",
      "instances": [
        {
          "schema_version": 0,
          "attributes": {
            "id": "testzone.ipatest.lan._test-record_A",
            "name": "test-record",
            "records": [
              "10.10.10.10",
              "10.10.10.11"
            ],
            "set_identifier": null,
            "ttl": null,
            "type": "A",
            "zone_name": "testzone.ipatest.lan."
          },
          "sensitive_attributes": [],
          "dependencies": [
            "freeipa_dns_zone.dns_zone-1"
          ]
        }
      ]
    },
    {
      "mode": "managed",
      "type": "freeipa_dns_record",
      "name": "record-2",
      "provider": "provider[\"registry.terraform.io/rework-space-com/freeipa\"]",
      "instances": [
        {
          "schema_version": 0,
          "attributes": {
            "id": "testzone.ipatest.lan._test-record2_CNAME",
            "name": "test-record2",
            "records": [
              "test-record"
            ],
            "set_identifier": null,
            "ttl": null,
            "type": "CNAME",
            "zone_name": "testzone.ipatest.lan."
          },
          "sensitive_attributes": [],
          "dependencies": [
            "freeipa_dns_zone.dns_zone-1"
          ]
        }
      ]
    },
    {
      "mode": "managed",
      "type": "freeipa_dns_zone",
      "name": "dns_zone-1",
      "provider": "provider[\"registry.terraform.io/rework-space-com/freeipa\"]",
      "instances": [
        {
          "schema_version": 0,
          "attributes": {
            "admin_email_address": null,
            "allow_inline_dnssec_signing": null,
            "allow_ptr_sync": true,
            "allow_query": null,
            "allow_transfer": null,
            "authoritative_nameserver": null,
            "bind_update_policy": null,
            "computed_zone_name": "testzone.ipatest.lan.",
            "default_ttl": null,
            "disable_zone": false,
            "dynamic_updates": null,
            "id": "testzone.ipatest.lan.",
            "is_reverse_zone": null,
            "nsec3param_record": null,
            "skip_nameserver_check": null,
            "skip_overlap_check": true,
            "soa_expire": null,
            "soa_minimum": null,
            "soa_refresh": null,
            "soa_retry": null,
            "soa_serial_number": null,
            "ttl": null,
            "zone_forwarders": null,
            "zone_name": "testzone.ipatest.lan"
          },
          "sensitive_attributes": []
        }
      ]
    },
    {
      "mode": "managed",
      "type": "freeipa_dns_zone",
      "name": "dns_zone-2",
      "provider": "provider[\"registry.terraform.io/rework-space-com/freeipa\"]",
      "instances": [
        {
          "schema_version": 0,
          "attributes": {
            "admin_email_address": null,
            "allow_inline_dnssec_signing": null,
            "allow_ptr_sync": null,
            "allow_query": null,
            "allow_transfer": null,
            "authoritative_nameserver": null,
            "bind_update_policy": null,
            "computed_zone_name": "10.10.10.in-addr.arpa.",
            "default_ttl": null,
            "disable_zone": false,
            "dynamic_updates": null,
            "id": "10.10.10.in-addr.arpa.",
            "is_reverse_zone": true,
            "nsec3param_record": null,
            "skip_nameserver_check": null,
            "skip_overlap_check": null,
            "soa_expire": null,
            "soa_minimum": null,
            "soa_refresh": null,
            "soa_retry": null,
            "soa_serial_number": null,
            "ttl": null,
            "zone_forwarders": null,
            "zone_name": "10.10.10.0/24"
          },
          "sensitive_attributes": []
        }
      ]
    },
    {
      "mode": "managed",
      "type": "freeipa_group",
      "name": "group-0",
      "provider": "provider[\"registry.terraform.io/rework-space-com/freeipa\"]",
      "instances": [
        {
          "schema_version": 0,
          "attributes": {
            "addattr": null,
            "description": "Test group",
            "external": null,
            "gid_number": null,
            "id": "test-group2",
            "member_external_members": null,
            "member_groups": null,
            "member_users": null,
            "name": "test-group2",
            "nonposix": null,
            "setattr": null
          },
          "sensitive_attributes": []
        }
      ]
    },
    {
      "mode": "managed",
      "type": "freeipa_group",
      "name": "group-external",
      "provider": "provider[\"registry.terraform.io/rework-space-com/freeipa\"]",
      "instances": [
        {
          "schema_version": 0,
          "attributes": {
            "addattr": null,
            "description": "Test group external",
            "external": true,
            "gid_number": null,
            "id": "test-group-ext",
            "member_external_members": null,
            "member_groups": null,
            "member_users": null,
            "name": "test-group-ext",
            "nonposix": null,
            "setattr": null
          },
          "sensitive_attributes": []
        }
      ]
    },
    {
      "mode": "managed",
      "type": "freeipa_group",
      "name": "group-nonposix",
      "provider": "provider[\"registry.terraform.io/rework-space-com/freeipa\"]",
      "instances": [
        {
          "schema_version": 0,
          "attributes": {
            "addattr": null,
            "description": "Test group non posix",
            "external": null,
            "gid_number": null,
            "id": "test-group-nonpos",
            "member_external_members": null,
            "member_groups": null,
            "member_users": null,
            "name": "test-group-nonpos",
            "nonposix": true,
            "setattr": null
          },
          "sensitive_attributes": []
        }
      ]
    },
    {
      "mode": "managed",
      "type": "freeipa_group",
      "name": "group-posix",
      "provider": "provider[\"registry.terraform.io/rework-space-com/freeipa\"]",
      "instances": [
        {
          "schema_version": 0,
          "attributes": {
            "addattr": null,
            "description": "Test group posix",
            "external": null,
            "gid_number": 12345789,
            "id": "test-group-pos",
            "member_external_members": null,
            "member_groups": [
              "test-group-nonpos",
              "test-group2"
            ],
            "member_users": [
              "test-user0",
              "test-user1"
            ],
            "name": "test-group-pos",
            "nonposix": null,
            "setattr": null
          },
          "sensitive_attributes": [],
          "dependencies": [
            "freeipa_group.group-0",
            "freeipa_group.group-nonposix",
            "freeipa_user.user-0",
            "freeipa_user.user-1"
          ]
        }
      ]
    },
    {
      "mode": "managed",
      "type": "freeipa_host",
      "name": "host-1",
      "provider": "provider[\"registry.terraform.io/rework-space-com/freeipa\"]",
      "instances": [
        {
          "schema_version": 0,
          "attributes": {
            "assigned_idview": null,
            "description": "FreeIPA client in testzone.ipatest.lan domain",
            "force": null,
            "generated_password": "",
            "id": "host-1.testzone.ipatest.lan",
            "ip_address": "192.168.1.65",
            "ipasshpubkeys": null,
            "krb_auth_indicators": null,
            "krb_preauth": null,
            "locality": null,
            "location": null,
            "mac_addresses": [
              "00:00:00:AA:AA:AA",
              "00:00:00:BB:BB:CC"
            ],
            "name": "host-1.testzone.ipatest.lan",
            "operating_system": "Opensuse Leap 15.6",
            "platform": null,
            "random_password": null,
            "trusted_for_delegation": true,
            "trusted_to_auth_as_delegate": null,
            "user_certificates": null,
            "userclass": null,
            "userpassword": null
          },
          "sensitive_attributes": []
        }
      ]
    },
    {
      "mode": "managed",
      "type": "freeipa_user",
      "name": "user-0",
      "provider": "provider[\"registry.terraform.io/rework-space-com/freeipa\"]",
      "instances": [
        {
          "schema_version": 0,
          "attributes": {
            "account_disabled": null,
            "car_license": null,
            "city": "Brussels",
            "display_name": null,
            "email_address": null,
            "employee_number": null,
            "employee_type": null,
            "first_name": "Test",
            "full_name": null,
            "gecos": null,
            "gid_number": null,
            "home_directory": "/opt/users/test-user0",
            "id": "test-user0",
            "initials": null,
            "job_title": null,
            "krb_password_expiration": null,
            "krb_principal_expiration": null,
            "krb_principal_name": null,
            "last_name": "User",
            "login_shell": "/bin/bash",
            "manager": null,
            "mobile_numbers": null,
            "name": "test-user0",
            "organisation_unit": null,
            "postal_code": null,
            "preferred_language": null,
            "province": null,
            "random_password": null,
            "ssh_public_key": null,
            "street_address": null,
            "telephone_numbers": null,
            "uid_number": null,
            "userclass": null,
            "userpassword": null
          },
          "sensitive_attributes": [
            [
              {
                "type": "get_attr",
                "value": "userpassword"
              }
            ]
          ]
        }
      ]
    },
    {
      "mode": "managed",
      "type": "freeipa_user",
      "name": "user-1",
      "provider": "provider[\"registry.terraform.io/rework-space-com/freeipa\"]",
      "instances": [
        {
          "schema_version": 0,
          "attributes": {
            "account_disabled": false,
            "car_license": null,
            "city": "Brussels",
            "display_name": null,
            "email_address": null,
            "employee_number": null,
            "employee_type": "Patsy",
            "first_name": "Test",
            "full_name": null,
            "gecos": null,
            "gid_number": null,
            "home_directory": "/opt/users/test-user-1",
            "id": "test-user1",
            "initials": null,
            "job_title": null,
            "krb_password_expiration": null,
            "krb_principal_expiration": null,
            "krb_principal_name": null,
            "last_name": "User",
            "login_shell": "/bin/bash",
            "manager": null,
            "mobile_numbers": null,
            "name": "test-user1",
            "organisation_unit": null,
            "postal_code": null,
            "preferred_language": null,
            "province": null,
            "random_password": null,
            "ssh_public_key": null,
            "street_address": null,
            "telephone_numbers": null,
            "uid_number": null,
            "userclass": null,
            "userpassword": null
          },
          "sensitive_attributes": [
            [
              {
                "type": "get_attr",
                "value": "userpassword"
              }
            ]
          ]
        }
      ]
    },
    {
      "mode": "managed",
      "type": "freeipa_user_group_membership",
      "name": "member-1bis",
      "provider": "provider[\"registry.terraform.io/rework-space-com/freeipa\"]",
      "instances": [
        {
          "schema_version": 0,
          "attributes": {
            "external_member": null,
            "external_members": null,
            "group": null,
            "groups": [
              "test-group-ext"
            ],
            "id": "test-group-pos/mg/1728806727097954074",
            "name": "test-group-pos",
            "user": null,
            "users": null
          },
          "sensitive_attributes": [],
          "dependencies": [
            "freeipa_group.group-0",
            "freeipa_group.group-external",
            "freeipa_group.group-nonposix",
            "freeipa_group.group-posix",
            "freeipa_user.user-0",
            "freeipa_user.user-1"
          ]
        }
      ]
    },
    {
      "mode": "managed",
      "type": "freeipa_user_group_membership",
      "name": "member-2",
      "provider": "provider[\"registry.terraform.io/rework-space-com/freeipa\"]",
      "instances": [
        {
          "schema_version": 0,
          "attributes": {
            "external_member": null,
            "external_members": [
              "domain users@adtest.lan"
            ],
            "group": null,
            "groups": null,
            "id": "test-group-ext/me/1728806726807557256",
            "name": "test-group-ext",
            "user": null,
            "users": null
          },
          "sensitive_attributes": [],
          "dependencies": [
            "freeipa_group.group-external"
          ]
        }
      ]
    }
  ],
  "check_results": null
}
